
Microsoft Visual Studio Solution File, Format Version 12.00
# Visual Studio Version 17
VisualStudioVersion = 17.0.31903.59
MinimumVisualStudioVersion = 10.0.40219.1
Project("{FAE04EC0-301F-11D3-BF4B-00C04F79EFBC}") = "Revit2023", "Revit2023\Revit2023.csproj", "{331C96A8-6793-4CDD-A7C3-673317F50757}"
EndProject
Project("{FAE04EC0-301F-11D3-BF4B-00C04F79EFBC}") = "Revit2026", "Revit2026\Revit2026.csproj", "{571EA5B9-838B-40F9-8F14-2C6F46687931}"
EndProject
Project("{D954291E-2A0B-460D-934E-DC6B0785DB48}") = "Revit.Common", "Revit.Common\Revit.Common.shproj", "{BB650BCB-B8D2-4400-AA10-03A8C66B878C}"
EndProject
Project("{FAE04EC0-301F-11D3-BF4B-00C04F79EFBC}") = "Installation", "Installation\Installation.csproj", "{78FEB8DC-4132-454C-B6E1-223BDD5B35A2}"
EndProject
Project("{FAE04EC0-301F-11D3-BF4B-00C04F79EFBC}") = "Desktop", "Desktop\Desktop.csproj", "{505FEE86-7CFE-4C7F-8B38-C1B41B84526A}"
EndProject
Project("{FAE04EC0-301F-11D3-BF4B-00C04F79EFBC}") = "RevitApiDotnet48", "RevitApiDotnet48\RevitApiDotnet48.csproj", "{C19D005D-409A-4199-8905-2C98A5E9DE2D}"
EndProject
Project("{FAE04EC0-301F-11D3-BF4B-00C04F79EFBC}") = "RevitApiDotnet8", "RevitApiDotnet8\RevitApiDotnet8.csproj", "{EB570564-5147-43D6-8293-A5C3EA7E0EFA}"
EndProject
Project("{D954291E-2A0B-460D-934E-DC6B0785DB48}") = "RevitApiActions.Common", "RevitApiActions.Common\RevitApiActions.Common.shproj", "{BB650BCB-B8D2-4400-AA10-03A8C66B878C}"
EndProject
Global
	GlobalSection(SolutionConfigurationPlatforms) = preSolution
		Debug|Any CPU = Debug|Any CPU
		Debug|x64 = Debug|x64
		Debug|x86 = Debug|x86
		Release|Any CPU = Release|Any CPU
		Release|x64 = Release|x64
		Release|x86 = Release|x86
	EndGlobalSection
	GlobalSection(ProjectConfigurationPlatforms) = postSolution
		{331C96A8-6793-4CDD-A7C3-673317F50757}.Debug|Any CPU.ActiveCfg = Debug|Any CPU
		{331C96A8-6793-4CDD-A7C3-673317F50757}.Debug|Any CPU.Build.0 = Debug|Any CPU
		{331C96A8-6793-4CDD-A7C3-673317F50757}.Debug|x64.ActiveCfg = Debug|Any CPU
		{331C96A8-6793-4CDD-A7C3-673317F50757}.Debug|x64.Build.0 = Debug|Any CPU
		{331C96A8-6793-4CDD-A7C3-673317F50757}.Debug|x86.ActiveCfg = Debug|Any CPU
		{331C96A8-6793-4CDD-A7C3-673317F50757}.Debug|x86.Build.0 = Debug|Any CPU
		{331C96A8-6793-4CDD-A7C3-673317F50757}.Release|Any CPU.ActiveCfg = Release|Any CPU
		{331C96A8-6793-4CDD-A7C3-673317F50757}.Release|Any CPU.Build.0 = Release|Any CPU
		{331C96A8-6793-4CDD-A7C3-673317F50757}.Release|x64.ActiveCfg = Release|Any CPU
		{331C96A8-6793-4CDD-A7C3-673317F50757}.Release|x64.Build.0 = Release|Any CPU
		{331C96A8-6793-4CDD-A7C3-673317F50757}.Release|x86.ActiveCfg = Release|Any CPU
		{331C96A8-6793-4CDD-A7C3-673317F50757}.Release|x86.Build.0 = Release|Any CPU
		{571EA5B9-838B-40F9-8F14-2C6F46687931}.Debug|Any CPU.ActiveCfg = Debug|Any CPU
		{571EA5B9-838B-40F9-8F14-2C6F46687931}.Debug|Any CPU.Build.0 = Debug|Any CPU
		{571EA5B9-838B-40F9-8F14-2C6F46687931}.Debug|x64.ActiveCfg = Debug|Any CPU
		{571EA5B9-838B-40F9-8F14-2C6F46687931}.Debug|x64.Build.0 = Debug|Any CPU
		{571EA5B9-838B-40F9-8F14-2C6F46687931}.Debug|x86.ActiveCfg = Debug|Any CPU
		{571EA5B9-838B-40F9-8F14-2C6F46687931}.Debug|x86.Build.0 = Debug|Any CPU
		{571EA5B9-838B-40F9-8F14-2C6F46687931}.Release|Any CPU.ActiveCfg = Release|Any CPU
		{571EA5B9-838B-40F9-8F14-2C6F46687931}.Release|Any CPU.Build.0 = Release|Any CPU
		{571EA5B9-838B-40F9-8F14-2C6F46687931}.Release|x64.ActiveCfg = Release|Any CPU
		{571EA5B9-838B-40F9-8F14-2C6F46687931}.Release|x64.Build.0 = Release|Any CPU
		{571EA5B9-838B-40F9-8F14-2C6F46687931}.Release|x86.ActiveCfg = Release|Any CPU
		{571EA5B9-838B-40F9-8F14-2C6F46687931}.Release|x86.Build.0 = Release|Any CPU
		{78FEB8DC-4132-454C-B6E1-223BDD5B35A2}.Debug|Any CPU.ActiveCfg = Debug|Any CPU
		{78FEB8DC-4132-454C-B6E1-223BDD5B35A2}.Debug|Any CPU.Build.0 = Debug|Any CPU
		{78FEB8DC-4132-454C-B6E1-223BDD5B35A2}.Debug|x64.ActiveCfg = Debug|Any CPU
		{78FEB8DC-4132-454C-B6E1-223BDD5B35A2}.Debug|x64.Build.0 = Debug|Any CPU
		{78FEB8DC-4132-454C-B6E1-223BDD5B35A2}.Debug|x86.ActiveCfg = Debug|Any CPU
		{78FEB8DC-4132-454C-B6E1-223BDD5B35A2}.Debug|x86.Build.0 = Debug|Any CPU
		{78FEB8DC-4132-454C-B6E1-223BDD5B35A2}.Release|Any CPU.ActiveCfg = Release|Any CPU
		{78FEB8DC-4132-454C-B6E1-223BDD5B35A2}.Release|Any CPU.Build.0 = Release|Any CPU
		{78FEB8DC-4132-454C-B6E1-223BDD5B35A2}.Release|x64.ActiveCfg = Release|Any CPU
		{78FEB8DC-4132-454C-B6E1-223BDD5B35A2}.Release|x64.Build.0 = Release|Any CPU
		{78FEB8DC-4132-454C-B6E1-223BDD5B35A2}.Release|x86.ActiveCfg = Release|Any CPU
		{78FEB8DC-4132-454C-B6E1-223BDD5B35A2}.Release|x86.Build.0 = Release|Any CPU
		{505FEE86-7CFE-4C7F-8B38-C1B41B84526A}.Debug|Any CPU.ActiveCfg = Debug|Any CPU
		{505FEE86-7CFE-4C7F-8B38-C1B41B84526A}.Debug|Any CPU.Build.0 = Debug|Any CPU
		{505FEE86-7CFE-4C7F-8B38-C1B41B84526A}.Debug|x64.ActiveCfg = Debug|Any CPU
		{505FEE86-7CFE-4C7F-8B38-C1B41B84526A}.Debug|x64.Build.0 = Debug|Any CPU
		{505FEE86-7CFE-4C7F-8B38-C1B41B84526A}.Debug|x86.ActiveCfg = Debug|Any CPU
		{505FEE86-7CFE-4C7F-8B38-C1B41B84526A}.Debug|x86.Build.0 = Debug|Any CPU
		{505FEE86-7CFE-4C7F-8B38-C1B41B84526A}.Release|Any CPU.ActiveCfg = Release|Any CPU
		{505FEE86-7CFE-4C7F-8B38-C1B41B84526A}.Release|Any CPU.Build.0 = Release|Any CPU
		{505FEE86-7CFE-4C7F-8B38-C1B41B84526A}.Release|x64.ActiveCfg = Release|Any CPU
		{505FEE86-7CFE-4C7F-8B38-C1B41B84526A}.Release|x64.Build.0 = Release|Any CPU
		{505FEE86-7CFE-4C7F-8B38-C1B41B84526A}.Release|x86.ActiveCfg = Release|Any CPU
		{505FEE86-7CFE-4C7F-8B38-C1B41B84526A}.Release|x86.Build.0 = Release|Any CPU
		{C19D005D-409A-4199-8905-2C98A5E9DE2D}.Debug|Any CPU.ActiveCfg = Debug|Any CPU
		{C19D005D-409A-4199-8905-2C98A5E9DE2D}.Debug|Any CPU.Build.0 = Debug|Any CPU
		{C19D005D-409A-4199-8905-2C98A5E9DE2D}.Debug|x64.ActiveCfg = Debug|Any CPU
		{C19D005D-409A-4199-8905-2C98A5E9DE2D}.Debug|x64.Build.0 = Debug|Any CPU
		{C19D005D-409A-4199-8905-2C98A5E9DE2D}.Debug|x86.ActiveCfg = Debug|Any CPU
		{C19D005D-409A-4199-8905-2C98A5E9DE2D}.Debug|x86.Build.0 = Debug|Any CPU
		{C19D005D-409A-4199-8905-2C98A5E9DE2D}.Release|Any CPU.ActiveCfg = Release|Any CPU
		{C19D005D-409A-4199-8905-2C98A5E9DE2D}.Release|Any CPU.Build.0 = Release|Any CPU
		{C19D005D-409A-4199-8905-2C98A5E9DE2D}.Release|x64.ActiveCfg = Release|Any CPU
		{C19D005D-409A-4199-8905-2C98A5E9DE2D}.Release|x64.Build.0 = Release|Any CPU
		{C19D005D-409A-4199-8905-2C98A5E9DE2D}.Release|x86.ActiveCfg = Release|Any CPU
		{C19D005D-409A-4199-8905-2C98A5E9DE2D}.Release|x86.Build.0 = Release|Any CPU
		{EB570564-5147-43D6-8293-A5C3EA7E0EFA}.Debug|Any CPU.ActiveCfg = Debug|Any CPU
		{EB570564-5147-43D6-8293-A5C3EA7E0EFA}.Debug|Any CPU.Build.0 = Debug|Any CPU
		{EB570564-5147-43D6-8293-A5C3EA7E0EFA}.Debug|x64.ActiveCfg = Debug|Any CPU
		{EB570564-5147-43D6-8293-A5C3EA7E0EFA}.Debug|x64.Build.0 = Debug|Any CPU
		{EB570564-5147-43D6-8293-A5C3EA7E0EFA}.Debug|x86.ActiveCfg = Debug|Any CPU
		{EB570564-5147-43D6-8293-A5C3EA7E0EFA}.Debug|x86.Build.0 = Debug|Any CPU
		{EB570564-5147-43D6-8293-A5C3EA7E0EFA}.Release|Any CPU.ActiveCfg = Release|Any CPU
		{EB570564-5147-43D6-8293-A5C3EA7E0EFA}.Release|Any CPU.Build.0 = Release|Any CPU
		{EB570564-5147-43D6-8293-A5C3EA7E0EFA}.Release|x64.ActiveCfg = Release|Any CPU
		{EB570564-5147-43D6-8293-A5C3EA7E0EFA}.Release|x64.Build.0 = Release|Any CPU
		{EB570564-5147-43D6-8293-A5C3EA7E0EFA}.Release|x86.ActiveCfg = Release|Any CPU
		{EB570564-5147-43D6-8293-A5C3EA7E0EFA}.Release|x86.Build.0 = Release|Any CPU
	EndGlobalSection
	GlobalSection(SolutionProperties) = preSolution
		HideSolutionNode = FALSE
	EndGlobalSection
	GlobalSection(ExtensibilityGlobals) = postSolution
		SolutionGuid = {C5E386B0-2A19-41C1-B6D5-4F1749D66A43}
	EndGlobalSection
	GlobalSection(SharedMSBuildProjectFiles) = preSolution
		Revit.Common\Revit.Common.projitems*{331c96a8-6793-4cdd-a7c3-673317f50757}*SharedItemsImports = 5
		Revit.Common\Revit.Common.projitems*{505fee86-7cfe-4c7f-8b38-c1b41b84526a}*SharedItemsImports = 5
		Revit.Common\Revit.Common.projitems*{571ea5b9-838b-40f9-8f14-2c6f46687931}*SharedItemsImports = 5
		Revit.Common\Revit.Common.projitems*{bb650bcb-b8d2-4400-aa10-03a8c66b878c}*SharedItemsImports = 13
	EndGlobalSection
EndGlobal
